// !$*UTF8*$!
{
	archiveVersion = 1;
	classes = {
	};
	objectVersion = 50;
	objects = {

/* Begin PBXBuildFile section */
		CB8BA148257EF4950059B758 /* AppDelegate.swift in Sources */ = {isa = PBXBuildFile; fileRef = CB8BA147257EF4950059B758 /* AppDelegate.swift */; };
		CB8BA14A257EF4950059B758 /* SceneDelegate.swift in Sources */ = {isa = PBXBuildFile; fileRef = CB8BA149257EF4950059B758 /* SceneDelegate.swift */; };
		CB8BA14C257EF4950059B758 /* ViewController.swift in Sources */ = {isa = PBXBuildFile; fileRef = CB8BA14B257EF4950059B758 /* ViewController.swift */; };
		CB8BA14F257EF4950059B758 /* Main.storyboard in Resources */ = {isa = PBXBuildFile; fileRef = CB8BA14D257EF4950059B758 /* Main.storyboard */; };
		CB8BA151257EF4990059B758 /* Assets.xcassets in Resources */ = {isa = PBXBuildFile; fileRef = CB8BA150257EF4990059B758 /* Assets.xcassets */; };
		CB8BA154257EF4990059B758 /* LaunchScreen.storyboard in Resources */ = {isa = PBXBuildFile; fileRef = CB8BA152257EF4990059B758 /* LaunchScreen.storyboard */; };
		CB8BA15F257EF4990059B758 /* Hello_WorldTests.swift in Sources */ = {isa = PBXBuildFile; fileRef = CB8BA15E257EF4990059B758 /* Hello_WorldTests.swift */; };
		CB8BA16A257EF4990059B758 /* Hello_WorldUITests.swift in Sources */ = {isa = PBXBuildFile; fileRef = CB8BA169257EF4990059B758 /* Hello_WorldUITests.swift */; };
/* End PBXBuildFile section */

/* Begin PBXContainerItemProxy section */
		CB8BA15B257EF4990059B758 /* PBXContainerItemProxy */ = {
			isa = PBXContainerItemProxy;
			containerPortal = CB8BA13C257EF4950059B758 /* Project object */;
			proxyType = 1;
			remoteGlobalIDString = CB8BA143257EF4950059B758;
			remoteInfo = "Hello World";
		};
		CB8BA166257EF4990059B758 /* PBXContainerItemProxy */ = {
			isa = PBXContainerItemProxy;
			containerPortal = CB8BA13C257EF4950059B758 /* Project object */;
			proxyType = 1;
			remoteGlobalIDString = CB8BA143257EF4950059B758;
			remoteInfo = "Hello World";
		};
/* End PBXContainerItemProxy section */

/* Begin PBXFileReference section */
		CB8BA144257EF4950059B758 /* Hello World.app */ = {isa = PBXFileReference; explicitFileType = wrapper.application; includeInIndex = 0; path = "Hello World.app"; sourceTree = BUILT_PRODUCTS_DIR; };
		CB8BA147257EF4950059B758 /* AppDelegate.swift */ = {isa = PBXFileReference; lastKnownFileType = sourcecode.swift; path = AppDelegate.swift; sourceTree = "<group>"; };
		CB8BA149257EF4950059B758 /* SceneDelegate.swift */ = {isa = PBXFileReference; lastKnownFileType = sourcecode.swift; path = SceneDelegate.swift; sourceTree = "<group>"; };
		CB8BA14B257EF4950059B758 /* ViewController.swift */ = {isa = PBXFileReference; lastKnownFileType = sourcecode.swift; path = ViewController.swift; sourceTree = "<group>"; };
		CB8BA14E257EF4950059B758 /* Base */ = {isa = PBXFileReference; lastKnownFileType = file.storyboard; name = Base; path = Base.lproj/Main.storyboard; sourceTree = "<group>"; };
		CB8BA150257EF4990059B758 /* Assets.xcassets */ = {isa = PBXFileReference; lastKnownFileType = folder.assetcatalog; path = Assets.xcassets; sourceTree = "<group>"; };
		CB8BA153257EF4990059B758 /* Base */ = {isa = PBXFileReference; lastKnownFileType = file.storyboard; name = Base; path = Base.lproj/LaunchScreen.storyboard; sourceTree = "<group>"; };
		CB8BA155257EF4990059B758 /* Info.plist */ = {isa = PBXFileReference; lastKnownFileType = text.plist.xml; path = Info.plist; sourceTree = "<group>"; };
		CB8BA15A257EF4990059B758 /* Hello WorldTests.xctest */ = {isa = PBXFileReference; explicitFileType = wrapper.cfbundle; includeInIndex = 0; path = "Hello WorldTests.xctest"; sourceTree = BUILT_PRODUCTS_DIR; };
		CB8BA15E257EF4990059B758 /* Hello_WorldTests.swift */ = {isa = PBXFileReference; lastKnownFileType = sourcecode.swift; path = Hello_WorldTests.swift; sourceTree = "<group>"; };
		CB8BA160257EF4990059B758 /* Info.plist */ = {isa = PBXFileReference; lastKnownFileType = text.plist.xml; path = Info.plist; sourceTree = "<group>"; };
		CB8BA165257EF4990059B758 /* Hello WorldUITests.xctest */ = {isa = PBXFileReference; explicitFileType = wrapper.cfbundle; includeInIndex = 0; path = "Hello WorldUITests.xctest"; sourceTree = BUILT_PRODUCTS_DIR; };
		CB8BA169257EF4990059B758 /* Hello_WorldUITests.swift */ = {isa = PBXFileReference; lastKnownFileType = sourcecode.swift; path = Hello_WorldUITests.swift; sourceTree = "<group>"; };
		CB8BA16B257EF4990059B758 /* Info.plist */ = {isa = PBXFileReference; lastKnownFileType = text.plist.xml; path = Info.plist; sourceTree = "<group>"; };
/* End PBXFileReference section */

/* Begin PBXFrameworksBuildPhase section */
		CB8BA141257EF4950059B758 /* Frameworks */ = {
			isa = PBXFrameworksBuildPhase;
			buildActionMask = 2147483647;
			files = (
			);
			runOnlyForDeploymentPostprocessing = 0;
		};
		CB8BA157257EF4990059B758 /* Frameworks */ = {
			isa = PBXFrameworksBuildPhase;
			buildActionMask = 2147483647;
			files = (
			);
			runOnlyForDeploymentPostprocessing = 0;
		};
		CB8BA162257EF4990059B758 /* Frameworks */ = {
			isa = PBXFrameworksBuildPhase;
			buildActionMask = 2147483647;
			files = (
			);
			runOnlyForDeploymentPostprocessing = 0;
		};
/* End PBXFrameworksBuildPhase section */

/* Begin PBXGroup section */
		CB8BA13B257EF4950059B758 = {
			isa = PBXGroup;
			children = (
				CB8BA146257EF4950059B758 /* Hello World */,
				CB8BA15D257EF4990059B758 /* Hello WorldTests */,
				CB8BA168257EF4990059B758 /* Hello WorldUITests */,
				CB8BA145257EF4950059B758 /* Products */,
			);
			sourceTree = "<group>";
		};
		CB8BA145257EF4950059B758 /* Products */ = {
			isa = PBXGroup;
			children = (
				CB8BA144257EF4950059B758 /* Hello World.app */,
				CB8BA15A257EF4990059B758 /* Hello WorldTests.xctest */,
				CB8BA165257EF4990059B758 /* Hello WorldUITests.xctest */,
			);
			name = Products;
			sourceTree = "<group>";
		};
		CB8BA146257EF4950059B758 /* Hello World */ = {
			isa = PBXGroup;
			children = (
				CB8BA147257EF4950059B758 /* AppDelegate.swift */,
				CB8BA149257EF4950059B758 /* SceneDelegate.swift */,
				CB8BA14B257EF4950059B758 /* ViewController.swift */,
				CB8BA14D257EF4950059B758 /* Main.storyboard */,
				CB8BA150257EF4990059B758 /* Assets.xcassets */,
				CB8BA152257EF4990059B758 /* LaunchScreen.storyboard */,
				CB8BA155257EF4990059B758 /* Info.plist */,
			);
			path = "Hello World";
			sourceTree = "<group>";
		};
		CB8BA15D257EF4990059B758 /* Hello WorldTests */ = {
			isa = PBXGroup;
			children = (
				CB8BA15E257EF4990059B758 /* Hello_WorldTests.swift */,
				CB8BA160257EF4990059B758 /* Info.plist */,
			);
			path = "Hello WorldTests";
			sourceTree = "<group>";
		};
		CB8BA168257EF4990059B758 /* Hello WorldUITests */ = {
			isa = PBXGroup;
			children = (
				CB8BA169257EF4990059B758 /* Hello_WorldUITests.swift */,
				CB8BA16B257EF4990059B758 /* Info.plist */,
			);
			path = "Hello WorldUITests";
			sourceTree = "<group>";
		};
/* End PBXGroup section */

/* Begin PBXNativeTarget section */
		CB8BA143257EF4950059B758 /* Hello World */ = {
			isa = PBXNativeTarget;
			buildConfigurationList = CB8BA16E257EF4990059B758 /* Build configuration list for PBXNativeTarget "Hello World" */;
			buildPhases = (
				CB8BA140257EF4950059B758 /* Sources */,
				CB8BA141257EF4950059B758 /* Frameworks */,
				CB8BA142257EF4950059B758 /* Resources */,
			);
			buildRules = (
			);
			dependencies = (
			);
			name = "Hello World";
			productName = "Hello World";
			productReference = CB8BA144257EF4950059B758 /* Hello World.app */;
			productType = "com.apple.product-type.application";
		};
		CB8BA159257EF4990059B758 /* Hello WorldTests */ = {
			isa = PBXNativeTarget;
			buildConfigurationList = CB8BA171257EF4990059B758 /* Build configuration list for PBXNativeTarget "Hello WorldTests" */;
			buildPhases = (
				CB8BA156257EF4990059B758 /* Sources */,
				CB8BA157257EF4990059B758 /* Frameworks */,
				CB8BA158257EF4990059B758 /* Resources */,
			);
			buildRules = (
			);
			dependencies = (
				CB8BA15C257EF4990059B758 /* PBXTargetDependency */,
			);
			name = "Hello WorldTests";
			productName = "Hello WorldTests";
			productReference = CB8BA15A257EF4990059B758 /* Hello WorldTests.xctest */;
			productType = "com.apple.product-type.bundle.unit-test";
		};
		CB8BA164257EF4990059B758 /* Hello WorldUITests */ = {
			isa = PBXNativeTarget;
			buildConfigurationList = CB8BA174257EF4990059B758 /* Build configuration list for PBXNativeTarget "Hello WorldUITests" */;
			buildPhases = (
				CB8BA161257EF4990059B758 /* Sources */,
				CB8BA162257EF4990059B758 /* Frameworks */,
				CB8BA163257EF4990059B758 /* Resources */,
			);
			buildRules = (
			);
			dependencies = (
				CB8BA167257EF4990059B758 /* PBXTargetDependency */,
			);
			name = "Hello WorldUITests";
			productName = "Hello WorldUITests";
			productReference = CB8BA165257EF4990059B758 /* Hello WorldUITests.xctest */;
			productType = "com.apple.product-type.bundle.ui-testing";
		};
/* End PBXNativeTarget section */

/* Begin PBXProject section */
		CB8BA13C257EF4950059B758 /* Project object */ = {
			isa = PBXProject;
			attributes = {
				LastSwiftUpdateCheck = 1220;
				LastUpgradeCheck = 1220;
				TargetAttributes = {
					CB8BA143257EF4950059B758 = {
						CreatedOnToolsVersion = 12.2;
					};
					CB8BA159257EF4990059B758 = {
						CreatedOnToolsVersion = 12.2;
						TestTargetID = CB8BA143257EF4950059B758;
					};
					CB8BA164257EF4990059B758 = {
						CreatedOnToolsVersion = 12.2;
						TestTargetID = CB8BA143257EF4950059B758;
					};
				};
			};
			buildConfigurationList = CB8BA13F257EF4950059B758 /* Build configuration list for PBXProject "Hello World" */;
			compatibilityVersion = "Xcode 9.3";
			developmentRegion = en;
			hasScannedForEncodings = 0;
			knownRegions = (
				en,
				Base,
			);
			mainGroup = CB8BA13B257EF4950059B758;
			productRefGroup = CB8BA145257EF4950059B758 /* Products */;
			projectDirPath = "";
			projectRoot = "";
			targets = (
				CB8BA143257EF4950059B758 /* Hello World */,
				CB8BA159257EF4990059B758 /* Hello WorldTests */,
				CB8BA164257EF4990059B758 /* Hello WorldUITests */,
			);
		};
/* End PBXProject section */

/* Begin PBXResourcesBuildPhase section */
		CB8BA142257EF4950059B758 /* Resources */ = {
			isa = PBXResourcesBuildPhase;
			buildActionMask = 2147483647;
			files = (
				CB8BA154257EF4990059B758 /* LaunchScreen.storyboard in Resources */,
				CB8BA151257EF4990059B758 /* Assets.xcassets in Resources */,
				CB8BA14F257EF4950059B758 /* Main.storyboard in Resources */,
			);
			runOnlyForDeploymentPostprocessing = 0;
		};
		CB8BA158257EF4990059B758 /* Resources */ = {
			isa = PBXResourcesBuildPhase;
			buildActionMask = 2147483647;
			files = (
			);
			runOnlyForDeploymentPostprocessing = 0;
		};
		CB8BA163257EF4990059B758 /* Resources */ = {
			isa = PBXResourcesBuildPhase;
			buildActionMask = 2147483647;
			files = (
			);
			runOnlyForDeploymentPostprocessing = 0;
		};
/* End PBXResourcesBuildPhase section */

/* Begin PBXSourcesBuildPhase section */
		CB8BA140257EF4950059B758 /* Sources */ = {
			isa = PBXSourcesBuildPhase;
			buildActionMask = 2147483647;
			files = (
				CB8BA14C257EF4950059B758 /* ViewController.swift in Sources */,
				CB8BA148257EF4950059B758 /* AppDelegate.swift in Sources */,
				CB8BA14A257EF4950059B758 /* SceneDelegate.swift in Sources */,
			);
			runOnlyForDeploymentPostprocessing = 0;
		};
		CB8BA156257EF4990059B758 /* Sources */ = {
			isa = PBXSourcesBuildPhase;
			buildActionMask = 2147483647;
			files = (
				CB8BA15F257EF4990059B758 /* Hello_WorldTests.swift in Sources */,
			);
			runOnlyForDeploymentPostprocessing = 0;
		};
		CB8BA161257EF4990059B758 /* Sources */ = {
			isa = PBXSourcesBuildPhase;
			buildActionMask = 2147483647;
			files = (
				CB8BA16A257EF4990059B758 /* Hello_WorldUITests.swift in Sources */,
			);
			runOnlyForDeploymentPostprocessing = 0;
		};
/* End PBXSourcesBuildPhase section */

/* Begin PBXTargetDependency section */
		CB8BA15C257EF4990059B758 /* PBXTargetDependency */ = {
			isa = PBXTargetDependency;
			target = CB8BA143257EF4950059B758 /* Hello World */;
			targetProxy = CB8BA15B257EF4990059B758 /* PBXContainerItemProxy */;
		};
		CB8BA167257EF4990059B758 /* PBXTargetDependency */ = {
			isa = PBXTargetDependency;
			target = CB8BA143257EF4950059B758 /* Hello World */;
			targetProxy = CB8BA166257EF4990059B758 /* PBXContainerItemProxy */;
		};
/* End PBXTargetDependency section */

/* Begin PBXVariantGroup section */
		CB8BA14D257EF4950059B758 /* Main.storyboard */ = {
			isa = PBXVariantGroup;
			children = (
				CB8BA14E257EF4950059B758 /* Base */,
			);
			name = Main.storyboard;
			sourceTree = "<group>";
		};
		CB8BA152257EF4990059B758 /* LaunchScreen.storyboard */ = {
			isa = PBXVariantGroup;
			children = (
				CB8BA153257EF4990059B758 /* Base */,
			);
			name = LaunchScreen.storyboard;
			sourceTree = "<group>";
		};
/* End PBXVariantGroup section */

/* Begin XCBuildConfiguration section */
		CB8BA16C257EF4990059B758 /* Debug */ = {
			isa = XCBuildConfiguration;
			buildSettings = {
				ALWAYS_SEARCH_USER_PATHS = NO;
				CLANG_ANALYZER_NONNULL = YES;
				CLANG_ANALYZER_NUMBER_OBJECT_CONVERSION = YES_AGGRESSIVE;
				CLANG_CXX_LANGUAGE_STANDARD = "gnu++14";
				CLANG_CXX_LIBRARY = "libc++";
				CLANG_ENABLE_MODULES = YES;
				CLANG_ENABLE_OBJC_ARC = YES;
				CLANG_ENABLE_OBJC_WEAK = YES;
				CLANG_WARN_BLOCK_CAPTURE_AUTORELEASING = YES;
				CLANG_WARN_BOOL_CONVERSION = YES;
				CLANG_WARN_COMMA = YES;
				CLANG_WARN_CONSTANT_CONVERSION = YES;
				CLANG_WARN_DEPRECATED_OBJC_IMPLEMENTATIONS = YES;
				CLANG_WARN_DIRECT_OBJC_ISA_USAGE = YES_ERROR;
				CLANG_WARN_DOCUMENTATION_COMMENTS = YES;
				CLANG_WARN_EMPTY_BODY = YES;
				CLANG_WARN_ENUM_CONVERSION = YES;
				CLANG_WARN_INFINITE_RECURSION = YES;
				CLANG_WARN_INT_CONVERSION = YES;
				CLANG_WARN_NON_LITERAL_NULL_CONVERSION = YES;
				CLANG_WARN_OBJC_IMPLICIT_RETAIN_SELF = YES;
				CLANG_WARN_OBJC_LITERAL_CONVERSION = YES;
				CLANG_WARN_OBJC_ROOT_CLASS = YES_ERROR;
				CLANG_WARN_QUOTED_INCLUDE_IN_FRAMEWORK_HEADER = YES;
				CLANG_WARN_RANGE_LOOP_ANALYSIS = YES;
				CLANG_WARN_STRICT_PROTOTYPES = YES;
				CLANG_WARN_SUSPICIOUS_MOVE = YES;
				CLANG_WARN_UNGUARDED_AVAILABILITY = YES_AGGRESSIVE;
				CLANG_WARN_UNREACHABLE_CODE = YES;
				CLANG_WARN__DUPLICATE_METHOD_MATCH = YES;
				COPY_PHASE_STRIP = NO;
				DEBUG_INFORMATION_FORMAT = dwarf;
				ENABLE_STRICT_OBJC_MSGSEND = YES;
				ENABLE_TESTABILITY = YES;
				GCC_C_LANGUAGE_STANDARD = gnu11;
				GCC_DYNAMIC_NO_PIC = NO;
				GCC_NO_COMMON_BLOCKS = YES;
				GCC_OPTIMIZATION_LEVEL = 0;
				GCC_PREPROCESSOR_DEFINITIONS = (
					"DEBUG=1",
					"$(inherited)",
				);
				GCC_WARN_64_TO_32_BIT_CONVERSION = YES;
				GCC_WARN_ABOUT_RETURN_TYPE = YES_ERROR;
				GCC_WARN_UNDECLARED_SELECTOR = YES;
				GCC_WARN_UNINITIALIZED_AUTOS = YES_AGGRESSIVE;
				GCC_WARN_UNUSED_FUNCTION = YES;
				GCC_WARN_UNUSED_VARIABLE = YES;
				IPHONEOS_DEPLOYMENT_TARGET = 14.2;
				MTL_ENABLE_DEBUG_INFO = INCLUDE_SOURCE;
				MTL_FAST_MATH = YES;
				ONLY_ACTIVE_ARCH = YES;
				SDKROOT = iphoneos;
				SWIFT_ACTIVE_COMPILATION_CONDITIONS = DEBUG;
				SWIFT_OPTIMIZATION_LEVEL = "-Onone";
			};
			name = Debug;
		};
		CB8BA16D257EF4990059B758 /* Release */ = {
			isa = XCBuildConfiguration;
			buildSettings = {
				ALWAYS_SEARCH_USER_PATHS = NO;
				CLANG_ANALYZER_NONNULL = YES;
				CLANG_ANALYZER_NUMBER_OBJECT_CONVERSION = YES_AGGRESSIVE;
				CLANG_CXX_LANGUAGE_STANDARD = "gnu++14";
				CLANG_CXX_LIBRARY = "libc++";
				CLANG_ENABLE_MODULES = YES;
				CLANG_ENABLE_OBJC_ARC = YES;
				CLANG_ENABLE_OBJC_WEAK = YES;
				CLANG_WARN_BLOCK_CAPTURE_AUTORELEASING = YES;
				CLANG_WARN_BOOL_CONVERSION = YES;
				CLANG_WARN_COMMA = YES;
				CLANG_WARN_CONSTANT_CONVERSION = YES;
				CLANG_WARN_DEPRECATED_OBJC_IMPLEMENTATIONS = YES;
				CLANG_WARN_DIRECT_OBJC_ISA_USAGE = YES_ERROR;
				CLANG_WARN_DOCUMENTATION_COMMENTS = YES;
				CLANG_WARN_EMPTY_BODY = YES;
				CLANG_WARN_ENUM_CONVERSION = YES;
				CLANG_WARN_INFINITE_RECURSION = YES;
				CLANG_WARN_INT_CONVERSION = YES;
				CLANG_WARN_NON_LITERAL_NULL_CONVERSION = YES;
				CLANG_WARN_OBJC_IMPLICIT_RETAIN_SELF = YES;
				CLANG_WARN_OBJC_LITERAL_CONVERSION = YES;
				CLANG_WARN_OBJC_ROOT_CLASS = YES_ERROR;
				CLANG_WARN_QUOTED_INCLUDE_IN_FRAMEWORK_HEADER = YES;
				CLANG_WARN_RANGE_LOOP_ANALYSIS = YES;
				CLANG_WARN_STRICT_PROTOTYPES = YES;
				CLANG_WARN_SUSPICIOUS_MOVE = YES;
				CLANG_WARN_UNGUARDED_AVAILABILITY = YES_AGGRESSIVE;
				CLANG_WARN_UNREACHABLE_CODE = YES;
				CLANG_WARN__DUPLICATE_METHOD_MATCH = YES;
				COPY_PHASE_STRIP = NO;
				DEBUG_INFORMATION_FORMAT = "dwarf-with-dsym";
				ENABLE_NS_ASSERTIONS = NO;
				ENABLE_STRICT_OBJC_MSGSEND = YES;
				GCC_C_LANGUAGE_STANDARD = gnu11;
				GCC_NO_COMMON_BLOCKS = YES;
				GCC_WARN_64_TO_32_BIT_CONVERSION = YES;
				GCC_WARN_ABOUT_RETURN_TYPE = YES_ERROR;
				GCC_WARN_UNDECLARED_SELECTOR = YES;
				GCC_WARN_UNINITIALIZED_AUTOS = YES_AGGRESSIVE;
				GCC_WARN_UNUSED_FUNCTION = YES;
				GCC_WARN_UNUSED_VARIABLE = YES;
				IPHONEOS_DEPLOYMENT_TARGET = 14.2;
				MTL_ENABLE_DEBUG_INFO = NO;
				MTL_FAST_MATH = YES;
				SDKROOT = iphoneos;
				SWIFT_COMPILATION_MODE = wholemodule;
				SWIFT_OPTIMIZATION_LEVEL = "-O";
				VALIDATE_PRODUCT = YES;
			};
			name = Release;
		};
		CB8BA16F257EF4990059B758 /* Debug */ = {
			isa = XCBuildConfiguration;
			buildSettings = {
				ASSETCATALOG_COMPILER_APPICON_NAME = AppIcon;
				ASSETCATALOG_COMPILER_GLOBAL_ACCENT_COLOR_NAME = AccentColor;
				CODE_SIGN_STYLE = Automatic;
				DEVELOPMENT_TEAM = 3YPPKSL45H;
				INFOPLIST_FILE = "Hello World/Info.plist";
				LD_RUNPATH_SEARCH_PATHS = (
					"$(inherited)",
					"@executable_path/Frameworks",
				);
				PRODUCT_BUNDLE_IDENTIFIER = "jaqbiak.Hello-World";
				PRODUCT_NAME = "$(TARGET_NAME)";
				SWIFT_VERSION = 5.0;
				TARGETED_DEVICE_FAMILY = "1,2";
			};
			name = Debug;
		};
		CB8BA170257EF4990059B758 /* Release */ = {
			isa = XCBuildConfiguration;
			buildSettings = {
				ASSETCATALOG_COMPILER_APPICON_NAME = AppIcon;
				ASSETCATALOG_COMPILER_GLOBAL_ACCENT_COLOR_NAME = AccentColor;
				CODE_SIGN_STYLE = Automatic;
				DEVELOPMENT_TEAM = 3YPPKSL45H;
				INFOPLIST_FILE = "Hello World/Info.plist";
				LD_RUNPATH_SEARCH_PATHS = (
					"$(inherited)",
					"@executable_path/Frameworks",
				);
				PRODUCT_BUNDLE_IDENTIFIER = "jaqbiak.Hello-World";
				PRODUCT_NAME = "$(TARGET_NAME)";
				SWIFT_VERSION = 5.0;
				TARGETED_DEVICE_FAMILY = "1,2";
			};
			name = Release;
		};
		CB8BA172257EF4990059B758 /* Debug */ = {
			isa = XCBuildConfiguration;
			buildSettings = {
				ALWAYS_EMBED_SWIFT_STANDARD_LIBRARIES = YES;
				BUNDLE_LOADER = "$(TEST_HOST)";
				CODE_SIGN_STYLE = Automatic;
				DEVELOPMENT_TEAM = 3YPPKSL45H;
				INFOPLIST_FILE = "Hello WorldTests/Info.plist";
				IPHONEOS_DEPLOYMENT_TARGET = 14.2;
				LD_RUNPATH_SEARCH_PATHS = (
					"$(inherited)",
					"@executable_path/Frameworks",
					"@loader_path/Frameworks",
				);
				PRODUCT_BUNDLE_IDENTIFIER = "jaqbiak.Hello-WorldTests";
				PRODUCT_NAME = "$(TARGET_NAME)";
				SWIFT_VERSION = 5.0;
				TARGETED_DEVICE_FAMILY = "1,2";
				TEST_HOST = "$(BUILT_PRODUCTS_DIR)/Hello World.app/Hello World";
			};
			name = Debug;
		};
		CB8BA173257EF4990059B758 /* Release */ = {
			isa = XCBuildConfiguration;
			buildSettings = {
				ALWAYS_EMBED_SWIFT_STANDARD_LIBRARIES = YES;
				BUNDLE_LOADER = "$(TEST_HOST)";
				CODE_SIGN_STYLE = Automatic;
				DEVELOPMENT_TEAM = 3YPPKSL45H;
				INFOPLIST_FILE = "Hello WorldTests/Info.plist";
				IPHONEOS_DEPLOYMENT_TARGET = 14.2;
				LD_RUNPATH_SEARCH_PATHS = (
					"$(inherited)",
					"@executable_path/Frameworks",
					"@loader_path/Frameworks",
				);
				PRODUCT_BUNDLE_IDENTIFIER = "jaqbiak.Hello-WorldTests";
				PRODUCT_NAME = "$(TARGET_NAME)";
				SWIFT_VERSION = 5.0;
				TARGETED_DEVICE_FAMILY = "1,2";
				TEST_HOST = "$(BUILT_PRODUCTS_DIR)/Hello World.app/Hello World";
			};
			name = Release;
		};
		CB8BA175257EF4990059B758 /* Debug */ = {
			isa = XCBuildConfiguration;
			buildSettings = {
				ALWAYS_EMBED_SWIFT_STANDARD_LIBRARIES = YES;
				CODE_SIGN_STYLE = Automatic;
				DEVELOPMENT_TEAM = 3YPPKSL45H;
				INFOPLIST_FILE = "Hello WorldUITests/Info.plist";
				LD_RUNPATH_SEARCH_PATHS = (
					"$(inherited)",
					"@executable_path/Frameworks",
					"@loader_path/Frameworks",
				);
				PRODUCT_BUNDLE_IDENTIFIER = "jaqbiak.Hello-WorldUITests";
				PRODUCT_NAME = "$(TARGET_NAME)";
				SWIFT_VERSION = 5.0;
				TARGETED_DEVICE_FAMILY = "1,2";
				TEST_TARGET_NAME = "Hello World";
			};
			name = Debug;
		};
		CB8BA176257EF4990059B758 /* Release */ = {
			isa = XCBuildConfiguration;
			buildSettings = {
				ALWAYS_EMBED_SWIFT_STANDARD_LIBRARIES = YES;
				CODE_SIGN_STYLE = Automatic;
				DEVELOPMENT_TEAM = 3YPPKSL45H;
				INFOPLIST_FILE = "Hello WorldUITests/Info.plist";
				LD_RUNPATH_SEARCH_PATHS = (
					"$(inherited)",
					"@executable_path/Frameworks",
					"@loader_path/Frameworks",
				);
				PRODUCT_BUNDLE_IDENTIFIER = "jaqbiak.Hello-WorldUITests";
				PRODUCT_NAME = "$(TARGET_NAME)";
				SWIFT_VERSION = 5.0;
				TARGETED_DEVICE_FAMILY = "1,2";
				TEST_TARGET_NAME = "Hello World";
			};
			name = Release;
		};
/* End XCBuildConfiguration section */

/* Begin XCConfigurationList section */
		CB8BA13F257EF4950059B758 /* Build configuration list for PBXProject "Hello World" */ = {
			isa = XCConfigurationList;
			buildConfigurations = (
				CB8BA16C257EF4990059B758 /* Debug */,
				CB8BA16D257EF4990059B758 /* Release */,
			);
			defaultConfigurationIsVisible = 0;
			defaultConfigurationName = Release;
		};
		CB8BA16E257EF4990059B758 /* Build configuration list for PBXNativeTarget "Hello World" */ = {
			isa = XCConfigurationList;
			buildConfigurations = (
				CB8BA16F257EF4990059B758 /* Debug */,
				CB8BA170257EF4990059B758 /* Release */,
			);
			defaultConfigurationIsVisible = 0;
			defaultConfigurationName = Release;
		};
		CB8BA171257EF4990059B758 /* Build configuration list for PBXNativeTarget "Hello WorldTests" */ = {
			isa = XCConfigurationList;
			buildConfigurations = (
				CB8BA172257EF4990059B758 /* Debug */,
				CB8BA173257EF4990059B758 /* Release */,
			);
			defaultConfigurationIsVisible = 0;
			defaultConfigurationName = Release;
		};
		CB8BA174257EF4990059B758 /* Build configuration list for PBXNativeTarget "Hello WorldUITests" */ = {
			isa = XCConfigurationList;
			buildConfigurations = (
				CB8BA175257EF4990059B758 /* Debug */,
				CB8BA176257EF4990059B758 /* Release */,
			);
			defaultConfigurationIsVisible = 0;
			defaultConfigurationName = Release;
		};
/* End XCConfigurationList section */
	};
	rootObject = CB8BA13C257EF4950059B758 /* Project object */;
}
